
Microsoft Visual Studio Solution File, Format Version 12.00
# Visual Studio Version 16
VisualStudioVersion = 16.0.31019.35
MinimumVisualStudioVersion = 10.0.40219.1
Project("{9A19103F-16F7-4668-BE54-9A1E7A4F7556}") = "AerialReconnaissance", "ПП23_2\AerialReconnaissance.csproj", "{82CE291B-2B9A-4BE6-BBAF-434FEEFBDF77}"
EndProject
Global
	GlobalSection(SolutionConfigurationPlatforms) = preSolution
		Debug|Any CPU = Debug|Any CPU
		Release|Any CPU = Release|Any CPU
	EndGlobalSection
	GlobalSection(ProjectConfigurationPlatforms) = postSolution
		{82CE291B-2B9A-4BE6-BBAF-434FEEFBDF77}.Debug|Any CPU.ActiveCfg = Debug|Any CPU
		{82CE291B-2B9A-4BE6-BBAF-434FEEFBDF77}.Debug|Any CPU.Build.0 = Debug|Any CPU
		{82CE291B-2B9A-4BE6-BBAF-434FEEFBDF77}.Release|Any CPU.ActiveCfg = Release|Any CPU
		{82CE291B-2B9A-4BE6-BBAF-434FEEFBDF77}.Release|Any CPU.Build.0 = Release|Any CPU
	EndGlobalSection
	GlobalSection(SolutionProperties) = preSolution
		HideSolutionNode = FALSE
	EndGlobalSection
	GlobalSection(ExtensibilityGlobals) = postSolution
		SolutionGuid = {6FDEB61A-83D2-4CFD-80BF-AF58567CD558}
	EndGlobalSection
EndGlobal
